// !$*UTF8*$!
{
	archiveVersion = 1;
	classes = {
	};
	objectVersion = 50;
	objects = {

/* Begin PBXBuildFile section */
		809BD171214C996C00E03408 /* AppDelegate.swift in Sources */ = {isa = PBXBuildFile; fileRef = 809BD170214C996C00E03408 /* AppDelegate.swift */; };
		809BD176214C996C00E03408 /* Main.storyboard in Resources */ = {isa = PBXBuildFile; fileRef = 809BD174214C996C00E03408 /* Main.storyboard */; };
		809BD179214C996C00E03408 /* Pokedex.xcdatamodeld in Sources */ = {isa = PBXBuildFile; fileRef = 809BD177214C996C00E03408 /* Pokedex.xcdatamodeld */; };
		809BD17E214C996F00E03408 /* LaunchScreen.storyboard in Resources */ = {isa = PBXBuildFile; fileRef = 809BD17C214C996F00E03408 /* LaunchScreen.storyboard */; };
		809BD189214C996F00E03408 /* PokedexTests.swift in Sources */ = {isa = PBXBuildFile; fileRef = 809BD188214C996F00E03408 /* PokedexTests.swift */; };
		809BD194214C996F00E03408 /* PokedexUITests.swift in Sources */ = {isa = PBXBuildFile; fileRef = 809BD193214C996F00E03408 /* PokedexUITests.swift */; };
		809BD1BC214C9B0C00E03408 /* pokeData.json in Resources */ = {isa = PBXBuildFile; fileRef = 809BD1B7214C9B0C00E03408 /* pokeData.json */; };
		809BD1BD214C9B0C00E03408 /* Pokemon.swift in Sources */ = {isa = PBXBuildFile; fileRef = 809BD1B8214C9B0C00E03408 /* Pokemon.swift */; };
		809BD1BE214C9B0C00E03408 /* PokeTableViewCell.swift in Sources */ = {isa = PBXBuildFile; fileRef = 809BD1B9214C9B0C00E03408 /* PokeTableViewCell.swift */; };
		809BD1BF214C9B0C00E03408 /* PokemonGenerator.swift in Sources */ = {isa = PBXBuildFile; fileRef = 809BD1BA214C9B0C00E03408 /* PokemonGenerator.swift */; };
		809BD1C0214C9B0C00E03408 /* PokeCollectionViewCell.swift in Sources */ = {isa = PBXBuildFile; fileRef = 809BD1BB214C9B0C00E03408 /* PokeCollectionViewCell.swift */; };
		809BD1C5214C9B1600E03408 /* Assets.xcassets in Resources */ = {isa = PBXBuildFile; fileRef = 809BD1C1214C9B1500E03408 /* Assets.xcassets */; };
		809BD1C6214C9B1600E03408 /* Pokemon GB.ttf in Resources */ = {isa = PBXBuildFile; fileRef = 809BD1C2214C9B1500E03408 /* Pokemon GB.ttf */; };
		809BD1C7214C9B1600E03408 /* background.png in Resources */ = {isa = PBXBuildFile; fileRef = 809BD1C3214C9B1600E03408 /* background.png */; };
		809BD1C8214C9B1600E03408 /* PokemonSolid.ttf in Resources */ = {isa = PBXBuildFile; fileRef = 809BD1C4214C9B1600E03408 /* PokemonSolid.ttf */; };
		809BD1CF214C9E9300E03408 /* SearchViewController.swift in Sources */ = {isa = PBXBuildFile; fileRef = 809BD1C9214C9E9200E03408 /* SearchViewController.swift */; };
		809BD1D0214C9E9300E03408 /* MultipleViewController - CollectionView.swift in Sources */ = {isa = PBXBuildFile; fileRef = 809BD1CA214C9E9300E03408 /* MultipleViewController - CollectionView.swift */; };
		809BD1D1214C9E9300E03408 /* SearchViewController - UI Elements.swift in Sources */ = {isa = PBXBuildFile; fileRef = 809BD1CB214C9E9300E03408 /* SearchViewController - UI Elements.swift */; };
		809BD1D2214C9E9300E03408 /* MultipleViewController.swift in Sources */ = {isa = PBXBuildFile; fileRef = 809BD1CC214C9E9300E03408 /* MultipleViewController.swift */; };
		809BD1D3214C9E9300E03408 /* MultipleViewController - TableView.swift in Sources */ = {isa = PBXBuildFile; fileRef = 809BD1CD214C9E9300E03408 /* MultipleViewController - TableView.swift */; };
		809BD1D4214C9E9300E03408 /* ProfileViewController.swift in Sources */ = {isa = PBXBuildFile; fileRef = 809BD1CE214C9E9300E03408 /* ProfileViewController.swift */; };
/* End PBXBuildFile section */

/* Begin PBXContainerItemProxy section */
		809BD185214C996F00E03408 /* PBXContainerItemProxy */ = {
			isa = PBXContainerItemProxy;
			containerPortal = 809BD165214C996C00E03408 /* Project object */;
			proxyType = 1;
			remoteGlobalIDString = 809BD16C214C996C00E03408;
			remoteInfo = Pokedex;
		};
		809BD190214C996F00E03408 /* PBXContainerItemProxy */ = {
			isa = PBXContainerItemProxy;
			containerPortal = 809BD165214C996C00E03408 /* Project object */;
			proxyType = 1;
			remoteGlobalIDString = 809BD16C214C996C00E03408;
			remoteInfo = Pokedex;
		};
/* End PBXContainerItemProxy section */

/* Begin PBXFileReference section */
		809BD16D214C996C00E03408 /* Pokedex.app */ = {isa = PBXFileReference; explicitFileType = wrapper.application; includeInIndex = 0; path = Pokedex.app; sourceTree = BUILT_PRODUCTS_DIR; };
		809BD170214C996C00E03408 /* AppDelegate.swift */ = {isa = PBXFileReference; lastKnownFileType = sourcecode.swift; path = AppDelegate.swift; sourceTree = "<group>"; };
		809BD175214C996C00E03408 /* Base */ = {isa = PBXFileReference; lastKnownFileType = file.storyboard; name = Base; path = Base.lproj/Main.storyboard; sourceTree = "<group>"; };
		809BD178214C996C00E03408 /* Pokedex.xcdatamodel */ = {isa = PBXFileReference; lastKnownFileType = wrapper.xcdatamodel; path = Pokedex.xcdatamodel; sourceTree = "<group>"; };
		809BD17D214C996F00E03408 /* Base */ = {isa = PBXFileReference; lastKnownFileType = file.storyboard; name = Base; path = Base.lproj/LaunchScreen.storyboard; sourceTree = "<group>"; };
		809BD17F214C996F00E03408 /* Info.plist */ = {isa = PBXFileReference; lastKnownFileType = text.plist.xml; path = Info.plist; sourceTree = "<group>"; };
		809BD184214C996F00E03408 /* PokedexTests.xctest */ = {isa = PBXFileReference; explicitFileType = wrapper.cfbundle; includeInIndex = 0; path = PokedexTests.xctest; sourceTree = BUILT_PRODUCTS_DIR; };
		809BD188214C996F00E03408 /* PokedexTests.swift */ = {isa = PBXFileReference; lastKnownFileType = sourcecode.swift; path = PokedexTests.swift; sourceTree = "<group>"; };
		809BD18A214C996F00E03408 /* Info.plist */ = {isa = PBXFileReference; lastKnownFileType = text.plist.xml; path = Info.plist; sourceTree = "<group>"; };
		809BD18F214C996F00E03408 /* PokedexUITests.xctest */ = {isa = PBXFileReference; explicitFileType = wrapper.cfbundle; includeInIndex = 0; path = PokedexUITests.xctest; sourceTree = BUILT_PRODUCTS_DIR; };
		809BD193214C996F00E03408 /* PokedexUITests.swift */ = {isa = PBXFileReference; lastKnownFileType = sourcecode.swift; path = PokedexUITests.swift; sourceTree = "<group>"; };
		809BD195214C996F00E03408 /* Info.plist */ = {isa = PBXFileReference; lastKnownFileType = text.plist.xml; path = Info.plist; sourceTree = "<group>"; };
		809BD1B7214C9B0C00E03408 /* pokeData.json */ = {isa = PBXFileReference; fileEncoding = 4; lastKnownFileType = text.json; path = pokeData.json; sourceTree = "<group>"; };
		809BD1B8214C9B0C00E03408 /* Pokemon.swift */ = {isa = PBXFileReference; fileEncoding = 4; lastKnownFileType = sourcecode.swift; path = Pokemon.swift; sourceTree = "<group>"; };
		809BD1B9214C9B0C00E03408 /* PokeTableViewCell.swift */ = {isa = PBXFileReference; fileEncoding = 4; lastKnownFileType = sourcecode.swift; path = PokeTableViewCell.swift; sourceTree = "<group>"; };
		809BD1BA214C9B0C00E03408 /* PokemonGenerator.swift */ = {isa = PBXFileReference; fileEncoding = 4; lastKnownFileType = sourcecode.swift; path = PokemonGenerator.swift; sourceTree = "<group>"; };
		809BD1BB214C9B0C00E03408 /* PokeCollectionViewCell.swift */ = {isa = PBXFileReference; fileEncoding = 4; lastKnownFileType = sourcecode.swift; path = PokeCollectionViewCell.swift; sourceTree = "<group>"; };
		809BD1C1214C9B1500E03408 /* Assets.xcassets */ = {isa = PBXFileReference; lastKnownFileType = folder.assetcatalog; path = Assets.xcassets; sourceTree = "<group>"; };
		809BD1C2214C9B1500E03408 /* Pokemon GB.ttf */ = {isa = PBXFileReference; lastKnownFileType = file; path = "Pokemon GB.ttf"; sourceTree = "<group>"; };
		809BD1C3214C9B1600E03408 /* background.png */ = {isa = PBXFileReference; lastKnownFileType = image.png; path = background.png; sourceTree = "<group>"; };
		809BD1C4214C9B1600E03408 /* PokemonSolid.ttf */ = {isa = PBXFileReference; lastKnownFileType = file; path = PokemonSolid.ttf; sourceTree = "<group>"; };
		809BD1C9214C9E9200E03408 /* SearchViewController.swift */ = {isa = PBXFileReference; fileEncoding = 4; lastKnownFileType = sourcecode.swift; path = SearchViewController.swift; sourceTree = "<group>"; };
		809BD1CA214C9E9300E03408 /* MultipleViewController - CollectionView.swift */ = {isa = PBXFileReference; fileEncoding = 4; lastKnownFileType = sourcecode.swift; path = "MultipleViewController - CollectionView.swift"; sourceTree = "<group>"; };
		809BD1CB214C9E9300E03408 /* SearchViewController - UI Elements.swift */ = {isa = PBXFileReference; fileEncoding = 4; lastKnownFileType = sourcecode.swift; path = "SearchViewController - UI Elements.swift"; sourceTree = "<group>"; };
		809BD1CC214C9E9300E03408 /* MultipleViewController.swift */ = {isa = PBXFileReference; fileEncoding = 4; lastKnownFileType = sourcecode.swift; path = MultipleViewController.swift; sourceTree = "<group>"; };
		809BD1CD214C9E9300E03408 /* MultipleViewController - TableView.swift */ = {isa = PBXFileReference; fileEncoding = 4; lastKnownFileType = sourcecode.swift; path = "MultipleViewController - TableView.swift"; sourceTree = "<group>"; };
		809BD1CE214C9E9300E03408 /* ProfileViewController.swift */ = {isa = PBXFileReference; fileEncoding = 4; lastKnownFileType = sourcecode.swift; path = ProfileViewController.swift; sourceTree = "<group>"; };
/* End PBXFileReference section */

/* Begin PBXFrameworksBuildPhase section */
		809BD16A214C996C00E03408 /* Frameworks */ = {
			isa = PBXFrameworksBuildPhase;
			buildActionMask = 2147483647;
			files = (
			);
			runOnlyForDeploymentPostprocessing = 0;
		};
		809BD181214C996F00E03408 /* Frameworks */ = {
			isa = PBXFrameworksBuildPhase;
			buildActionMask = 2147483647;
			files = (
			);
			runOnlyForDeploymentPostprocessing = 0;
		};
		809BD18C214C996F00E03408 /* Frameworks */ = {
			isa = PBXFrameworksBuildPhase;
			buildActionMask = 2147483647;
			files = (
			);
			runOnlyForDeploymentPostprocessing = 0;
		};
/* End PBXFrameworksBuildPhase section */

/* Begin PBXGroup section */
		809BD164214C996C00E03408 = {
			isa = PBXGroup;
			children = (
				809BD16F214C996C00E03408 /* Pokedex */,
				809BD187214C996F00E03408 /* PokedexTests */,
				809BD192214C996F00E03408 /* PokedexUITests */,
				809BD16E214C996C00E03408 /* Products */,
			);
			sourceTree = "<group>";
		};
		809BD16E214C996C00E03408 /* Products */ = {
			isa = PBXGroup;
			children = (
				809BD16D214C996C00E03408 /* Pokedex.app */,
				809BD184214C996F00E03408 /* PokedexTests.xctest */,
				809BD18F214C996F00E03408 /* PokedexUITests.xctest */,
			);
			name = Products;
			sourceTree = "<group>";
		};
		809BD16F214C996C00E03408 /* Pokedex */ = {
			isa = PBXGroup;
			children = (
				809BD1AC214C9AF600E03408 /* Resource */,
				809BD1AB214C9AF100E03408 /* Mode */,
				809BD1AA214C9AEA00E03408 /* Controller */,
				809BD170214C996C00E03408 /* AppDelegate.swift */,
				809BD174214C996C00E03408 /* Main.storyboard */,
				809BD17C214C996F00E03408 /* LaunchScreen.storyboard */,
				809BD17F214C996F00E03408 /* Info.plist */,
				809BD177214C996C00E03408 /* Pokedex.xcdatamodeld */,
			);
			path = Pokedex;
			sourceTree = "<group>";
		};
		809BD187214C996F00E03408 /* PokedexTests */ = {
			isa = PBXGroup;
			children = (
				809BD188214C996F00E03408 /* PokedexTests.swift */,
				809BD18A214C996F00E03408 /* Info.plist */,
			);
			path = PokedexTests;
			sourceTree = "<group>";
		};
		809BD192214C996F00E03408 /* PokedexUITests */ = {
			isa = PBXGroup;
			children = (
				809BD193214C996F00E03408 /* PokedexUITests.swift */,
				809BD195214C996F00E03408 /* Info.plist */,
			);
			path = PokedexUITests;
			sourceTree = "<group>";
		};
		809BD1AA214C9AEA00E03408 /* Controller */ = {
			isa = PBXGroup;
			children = (
				809BD1CA214C9E9300E03408 /* MultipleViewController - CollectionView.swift */,
				809BD1CD214C9E9300E03408 /* MultipleViewController - TableView.swift */,
				809BD1CC214C9E9300E03408 /* MultipleViewController.swift */,
				809BD1CE214C9E9300E03408 /* ProfileViewController.swift */,
				809BD1CB214C9E9300E03408 /* SearchViewController - UI Elements.swift */,
				809BD1C9214C9E9200E03408 /* SearchViewController.swift */,
			);
			path = Controller;
			sourceTree = "<group>";
		};
		809BD1AB214C9AF100E03408 /* Mode */ = {
			isa = PBXGroup;
			children = (
				809BD1BB214C9B0C00E03408 /* PokeCollectionViewCell.swift */,
				809BD1B9214C9B0C00E03408 /* PokeTableViewCell.swift */,
				809BD1B7214C9B0C00E03408 /* pokeData.json */,
				809BD1B8214C9B0C00E03408 /* Pokemon.swift */,
				809BD1BA214C9B0C00E03408 /* PokemonGenerator.swift */,
			);
			path = Mode;
			sourceTree = "<group>";
		};
		809BD1AC214C9AF600E03408 /* Resource */ = {
			isa = PBXGroup;
			children = (
				809BD1C1214C9B1500E03408 /* Assets.xcassets */,
				809BD1C3214C9B1600E03408 /* background.png */,
				809BD1C2214C9B1500E03408 /* Pokemon GB.ttf */,
				809BD1C4214C9B1600E03408 /* PokemonSolid.ttf */,
			);
			path = Resource;
			sourceTree = "<group>";
		};
/* End PBXGroup section */

/* Begin PBXNativeTarget section */
		809BD16C214C996C00E03408 /* Pokedex */ = {
			isa = PBXNativeTarget;
			buildConfigurationList = 809BD198214C996F00E03408 /* Build configuration list for PBXNativeTarget "Pokedex" */;
			buildPhases = (
				809BD169214C996C00E03408 /* Sources */,
				809BD16A214C996C00E03408 /* Frameworks */,
				809BD16B214C996C00E03408 /* Resources */,
			);
			buildRules = (
			);
			dependencies = (
			);
			name = Pokedex;
			productName = Pokedex;
			productReference = 809BD16D214C996C00E03408 /* Pokedex.app */;
			productType = "com.apple.product-type.application";
		};
		809BD183214C996F00E03408 /* PokedexTests */ = {
			isa = PBXNativeTarget;
			buildConfigurationList = 809BD19B214C996F00E03408 /* Build configuration list for PBXNativeTarget "PokedexTests" */;
			buildPhases = (
				809BD180214C996F00E03408 /* Sources */,
				809BD181214C996F00E03408 /* Frameworks */,
				809BD182214C996F00E03408 /* Resources */,
			);
			buildRules = (
			);
			dependencies = (
				809BD186214C996F00E03408 /* PBXTargetDependency */,
			);
			name = PokedexTests;
			productName = PokedexTests;
			productReference = 809BD184214C996F00E03408 /* PokedexTests.xctest */;
			productType = "com.apple.product-type.bundle.unit-test";
		};
		809BD18E214C996F00E03408 /* PokedexUITests */ = {
			isa = PBXNativeTarget;
			buildConfigurationList = 809BD19E214C996F00E03408 /* Build configuration list for PBXNativeTarget "PokedexUITests" */;
			buildPhases = (
				809BD18B214C996F00E03408 /* Sources */,
				809BD18C214C996F00E03408 /* Frameworks */,
				809BD18D214C996F00E03408 /* Resources */,
			);
			buildRules = (
			);
			dependencies = (
				809BD191214C996F00E03408 /* PBXTargetDependency */,
			);
			name = PokedexUITests;
			productName = PokedexUITests;
			productReference = 809BD18F214C996F00E03408 /* PokedexUITests.xctest */;
			productType = "com.apple.product-type.bundle.ui-testing";
		};
/* End PBXNativeTarget section */

/* Begin PBXProject section */
		809BD165214C996C00E03408 /* Project object */ = {
			isa = PBXProject;
			attributes = {
				LastSwiftUpdateCheck = 0940;
				LastUpgradeCheck = 0940;
				ORGANIZATIONNAME = "Vaibhav Gattani";
				TargetAttributes = {
					809BD16C214C996C00E03408 = {
						CreatedOnToolsVersion = 9.4.1;
					};
					809BD183214C996F00E03408 = {
						CreatedOnToolsVersion = 9.4.1;
						TestTargetID = 809BD16C214C996C00E03408;
					};
					809BD18E214C996F00E03408 = {
						CreatedOnToolsVersion = 9.4.1;
						TestTargetID = 809BD16C214C996C00E03408;
					};
				};
			};
			buildConfigurationList = 809BD168214C996C00E03408 /* Build configuration list for PBXProject "Pokedex" */;
			compatibilityVersion = "Xcode 9.3";
			developmentRegion = en;
			hasScannedForEncodings = 0;
			knownRegions = (
				en,
				Base,
			);
			mainGroup = 809BD164214C996C00E03408;
			productRefGroup = 809BD16E214C996C00E03408 /* Products */;
			projectDirPath = "";
			projectRoot = "";
			targets = (
				809BD16C214C996C00E03408 /* Pokedex */,
				809BD183214C996F00E03408 /* PokedexTests */,
				809BD18E214C996F00E03408 /* PokedexUITests */,
			);
		};
/* End PBXProject section */

/* Begin PBXResourcesBuildPhase section */
		809BD16B214C996C00E03408 /* Resources */ = {
			isa = PBXResourcesBuildPhase;
			buildActionMask = 2147483647;
			files = (
				809BD1BC214C9B0C00E03408 /* pokeData.json in Resources */,
				809BD17E214C996F00E03408 /* LaunchScreen.storyboard in Resources */,
				809BD1C6214C9B1600E03408 /* Pokemon GB.ttf in Resources */,
				809BD1C5214C9B1600E03408 /* Assets.xcassets in Resources */,
				809BD1C7214C9B1600E03408 /* background.png in Resources */,
				809BD1C8214C9B1600E03408 /* PokemonSolid.ttf in Resources */,
				809BD176214C996C00E03408 /* Main.storyboard in Resources */,
			);
			runOnlyForDeploymentPostprocessing = 0;
		};
		809BD182214C996F00E03408 /* Resources */ = {
			isa = PBXResourcesBuildPhase;
			buildActionMask = 2147483647;
			files = (
			);
			runOnlyForDeploymentPostprocessing = 0;
		};
		809BD18D214C996F00E03408 /* Resources */ = {
			isa = PBXResourcesBuildPhase;
			buildActionMask = 2147483647;
			files = (
			);
			runOnlyForDeploymentPostprocessing = 0;
		};
/* End PBXResourcesBuildPhase section */

/* Begin PBXSourcesBuildPhase section */
		809BD169214C996C00E03408 /* Sources */ = {
			isa = PBXSourcesBuildPhase;
			buildActionMask = 2147483647;
			files = (
				809BD1BD214C9B0C00E03408 /* Pokemon.swift in Sources */,
				809BD1CF214C9E9300E03408 /* SearchViewController.swift in Sources */,
				809BD179214C996C00E03408 /* Pokedex.xcdatamodeld in Sources */,
				809BD1BF214C9B0C00E03408 /* PokemonGenerator.swift in Sources */,
				809BD1D3214C9E9300E03408 /* MultipleViewController - TableView.swift in Sources */,
				809BD1BE214C9B0C00E03408 /* PokeTableViewCell.swift in Sources */,
				809BD1D4214C9E9300E03408 /* ProfileViewController.swift in Sources */,
				809BD1C0214C9B0C00E03408 /* PokeCollectionViewCell.swift in Sources */,
				809BD1D2214C9E9300E03408 /* MultipleViewController.swift in Sources */,
				809BD171214C996C00E03408 /* AppDelegate.swift in Sources */,
				809BD1D0214C9E9300E03408 /* MultipleViewController - CollectionView.swift in Sources */,
				809BD1D1214C9E9300E03408 /* SearchViewController - UI Elements.swift in Sources */,
			);
			runOnlyForDeploymentPostprocessing = 0;
		};
		809BD180214C996F00E03408 /* Sources */ = {
			isa = PBXSourcesBuildPhase;
			buildActionMask = 2147483647;
			files = (
				809BD189214C996F00E03408 /* PokedexTests.swift in Sources */,
			);
			runOnlyForDeploymentPostprocessing = 0;
		};
		809BD18B214C996F00E03408 /* Sources */ = {
			isa = PBXSourcesBuildPhase;
			buildActionMask = 2147483647;
			files = (
				809BD194214C996F00E03408 /* PokedexUITests.swift in Sources */,
			);
			runOnlyForDeploymentPostprocessing = 0;
		};
/* End PBXSourcesBuildPhase section */

/* Begin PBXTargetDependency section */
		809BD186214C996F00E03408 /* PBXTargetDependency */ = {
			isa = PBXTargetDependency;
			target = 809BD16C214C996C00E03408 /* Pokedex */;
			targetProxy = 809BD185214C996F00E03408 /* PBXContainerItemProxy */;
		};
		809BD191214C996F00E03408 /* PBXTargetDependency */ = {
			isa = PBXTargetDependency;
			target = 809BD16C214C996C00E03408 /* Pokedex */;
			targetProxy = 809BD190214C996F00E03408 /* PBXContainerItemProxy */;
		};
/* End PBXTargetDependency section */

/* Begin PBXVariantGroup section */
		809BD174214C996C00E03408 /* Main.storyboard */ = {
			isa = PBXVariantGroup;
			children = (
				809BD175214C996C00E03408 /* Base */,
			);
			name = Main.storyboard;
			sourceTree = "<group>";
		};
		809BD17C214C996F00E03408 /* LaunchScreen.storyboard */ = {
			isa = PBXVariantGroup;
			children = (
				809BD17D214C996F00E03408 /* Base */,
			);
			name = LaunchScreen.storyboard;
			sourceTree = "<group>";
		};
/* End PBXVariantGroup section */

/* Begin XCBuildConfiguration section */
		809BD196214C996F00E03408 /* Debug */ = {
			isa = XCBuildConfiguration;
			buildSettings = {
				ALWAYS_SEARCH_USER_PATHS = NO;
				CLANG_ANALYZER_NONNULL = YES;
				CLANG_ANALYZER_NUMBER_OBJECT_CONVERSION = YES_AGGRESSIVE;
				CLANG_CXX_LANGUAGE_STANDARD = "gnu++14";
				CLANG_CXX_LIBRARY = "libc++";
				CLANG_ENABLE_MODULES = YES;
				CLANG_ENABLE_OBJC_ARC = YES;
				CLANG_ENABLE_OBJC_WEAK = YES;
				CLANG_WARN_BLOCK_CAPTURE_AUTORELEASING = YES;
				CLANG_WARN_BOOL_CONVERSION = YES;
				CLANG_WARN_COMMA = YES;
				CLANG_WARN_CONSTANT_CONVERSION = YES;
				CLANG_WARN_DEPRECATED_OBJC_IMPLEMENTATIONS = YES;
				CLANG_WARN_DIRECT_OBJC_ISA_USAGE = YES_ERROR;
				CLANG_WARN_DOCUMENTATION_COMMENTS = YES;
				CLANG_WARN_EMPTY_BODY = YES;
				CLANG_WARN_ENUM_CONVERSION = YES;
				CLANG_WARN_INFINITE_RECURSION = YES;
				CLANG_WARN_INT_CONVERSION = YES;
				CLANG_WARN_NON_LITERAL_NULL_CONVERSION = YES;
				CLANG_WARN_OBJC_IMPLICIT_RETAIN_SELF = YES;
				CLANG_WARN_OBJC_LITERAL_CONVERSION = YES;
				CLANG_WARN_OBJC_ROOT_CLASS = YES_ERROR;
				CLANG_WARN_RANGE_LOOP_ANALYSIS = YES;
				CLANG_WARN_STRICT_PROTOTYPES = YES;
				CLANG_WARN_SUSPICIOUS_MOVE = YES;
				CLANG_WARN_UNGUARDED_AVAILABILITY = YES_AGGRESSIVE;
				CLANG_WARN_UNREACHABLE_CODE = YES;
				CLANG_WARN__DUPLICATE_METHOD_MATCH = YES;
				CODE_SIGN_IDENTITY = "iPhone Developer";
				COPY_PHASE_STRIP = NO;
				DEBUG_INFORMATION_FORMAT = dwarf;
				ENABLE_STRICT_OBJC_MSGSEND = YES;
				ENABLE_TESTABILITY = YES;
				GCC_C_LANGUAGE_STANDARD = gnu11;
				GCC_DYNAMIC_NO_PIC = NO;
				GCC_NO_COMMON_BLOCKS = YES;
				GCC_OPTIMIZATION_LEVEL = 0;
				GCC_PREPROCESSOR_DEFINITIONS = (
					"DEBUG=1",
					"$(inherited)",
				);
				GCC_WARN_64_TO_32_BIT_CONVERSION = YES;
				GCC_WARN_ABOUT_RETURN_TYPE = YES_ERROR;
				GCC_WARN_UNDECLARED_SELECTOR = YES;
				GCC_WARN_UNINITIALIZED_AUTOS = YES_AGGRESSIVE;
				GCC_WARN_UNUSED_FUNCTION = YES;
				GCC_WARN_UNUSED_VARIABLE = YES;
				IPHONEOS_DEPLOYMENT_TARGET = 11.4;
				MTL_ENABLE_DEBUG_INFO = YES;
				ONLY_ACTIVE_ARCH = YES;
				SDKROOT = iphoneos;
				SWIFT_ACTIVE_COMPILATION_CONDITIONS = DEBUG;
				SWIFT_OPTIMIZATION_LEVEL = "-Onone";
			};
			name = Debug;
		};
		809BD197214C996F00E03408 /* Release */ = {
			isa = XCBuildConfiguration;
			buildSettings = {
				ALWAYS_SEARCH_USER_PATHS = NO;
				CLANG_ANALYZER_NONNULL = YES;
				CLANG_ANALYZER_NUMBER_OBJECT_CONVERSION = YES_AGGRESSIVE;
				CLANG_CXX_LANGUAGE_STANDARD = "gnu++14";
				CLANG_CXX_LIBRARY = "libc++";
				CLANG_ENABLE_MODULES = YES;
				CLANG_ENABLE_OBJC_ARC = YES;
				CLANG_ENABLE_OBJC_WEAK = YES;
				CLANG_WARN_BLOCK_CAPTURE_AUTORELEASING = YES;
				CLANG_WARN_BOOL_CONVERSION = YES;
				CLANG_WARN_COMMA = YES;
				CLANG_WARN_CONSTANT_CONVERSION = YES;
				CLANG_WARN_DEPRECATED_OBJC_IMPLEMENTATIONS = YES;
				CLANG_WARN_DIRECT_OBJC_ISA_USAGE = YES_ERROR;
				CLANG_WARN_DOCUMENTATION_COMMENTS = YES;
				CLANG_WARN_EMPTY_BODY = YES;
				CLANG_WARN_ENUM_CONVERSION = YES;
				CLANG_WARN_INFINITE_RECURSION = YES;
				CLANG_WARN_INT_CONVERSION = YES;
				CLANG_WARN_NON_LITERAL_NULL_CONVERSION = YES;
				CLANG_WARN_OBJC_IMPLICIT_RETAIN_SELF = YES;
				CLANG_WARN_OBJC_LITERAL_CONVERSION = YES;
				CLANG_WARN_OBJC_ROOT_CLASS = YES_ERROR;
				CLANG_WARN_RANGE_LOOP_ANALYSIS = YES;
				CLANG_WARN_STRICT_PROTOTYPES = YES;
				CLANG_WARN_SUSPICIOUS_MOVE = YES;
				CLANG_WARN_UNGUARDED_AVAILABILITY = YES_AGGRESSIVE;
				CLANG_WARN_UNREACHABLE_CODE = YES;
				CLANG_WARN__DUPLICATE_METHOD_MATCH = YES;
				CODE_SIGN_IDENTITY = "iPhone Developer";
				COPY_PHASE_STRIP = NO;
				DEBUG_INFORMATION_FORMAT = "dwarf-with-dsym";
				ENABLE_NS_ASSERTIONS = NO;
				ENABLE_STRICT_OBJC_MSGSEND = YES;
				GCC_C_LANGUAGE_STANDARD = gnu11;
				GCC_NO_COMMON_BLOCKS = YES;
				GCC_WARN_64_TO_32_BIT_CONVERSION = YES;
				GCC_WARN_ABOUT_RETURN_TYPE = YES_ERROR;
				GCC_WARN_UNDECLARED_SELECTOR = YES;
				GCC_WARN_UNINITIALIZED_AUTOS = YES_AGGRESSIVE;
				GCC_WARN_UNUSED_FUNCTION = YES;
				GCC_WARN_UNUSED_VARIABLE = YES;
				IPHONEOS_DEPLOYMENT_TARGET = 11.4;
				MTL_ENABLE_DEBUG_INFO = NO;
				SDKROOT = iphoneos;
				SWIFT_COMPILATION_MODE = wholemodule;
				SWIFT_OPTIMIZATION_LEVEL = "-O";
				VALIDATE_PRODUCT = YES;
			};
			name = Release;
		};
		809BD199214C996F00E03408 /* Debug */ = {
			isa = XCBuildConfiguration;
			buildSettings = {
				ASSETCATALOG_COMPILER_APPICON_NAME = AppIcon;
				CODE_SIGN_STYLE = Automatic;
				INFOPLIST_FILE = Pokedex/Info.plist;
				LD_RUNPATH_SEARCH_PATHS = (
					"$(inherited)",
					"@executable_path/Frameworks",
				);
				PRODUCT_BUNDLE_IDENTIFIER = VG.Pokedex;
				PRODUCT_NAME = "$(TARGET_NAME)";
				SWIFT_VERSION = 4.0;
				TARGETED_DEVICE_FAMILY = "1,2";
			};
			name = Debug;
		};
		809BD19A214C996F00E03408 /* Release */ = {
			isa = XCBuildConfiguration;
			buildSettings = {
				ASSETCATALOG_COMPILER_APPICON_NAME = AppIcon;
				CODE_SIGN_STYLE = Automatic;
				INFOPLIST_FILE = Pokedex/Info.plist;
				LD_RUNPATH_SEARCH_PATHS = (
					"$(inherited)",
					"@executable_path/Frameworks",
				);
				PRODUCT_BUNDLE_IDENTIFIER = VG.Pokedex;
				PRODUCT_NAME = "$(TARGET_NAME)";
				SWIFT_VERSION = 4.0;
				TARGETED_DEVICE_FAMILY = "1,2";
			};
			name = Release;
		};
		809BD19C214C996F00E03408 /* Debug */ = {
			isa = XCBuildConfiguration;
			buildSettings = {
				ALWAYS_EMBED_SWIFT_STANDARD_LIBRARIES = YES;
				BUNDLE_LOADER = "$(TEST_HOST)";
				CODE_SIGN_STYLE = Automatic;
				INFOPLIST_FILE = PokedexTests/Info.plist;
				LD_RUNPATH_SEARCH_PATHS = (
					"$(inherited)",
					"@executable_path/Frameworks",
					"@loader_path/Frameworks",
				);
				PRODUCT_BUNDLE_IDENTIFIER = VG.PokedexTests;
				PRODUCT_NAME = "$(TARGET_NAME)";
				SWIFT_VERSION = 4.0;
				TARGETED_DEVICE_FAMILY = "1,2";
				TEST_HOST = "$(BUILT_PRODUCTS_DIR)/Pokedex.app/Pokedex";
			};
			name = Debug;
		};
		809BD19D214C996F00E03408 /* Release */ = {
			isa = XCBuildConfiguration;
			buildSettings = {
				ALWAYS_EMBED_SWIFT_STANDARD_LIBRARIES = YES;
				BUNDLE_LOADER = "$(TEST_HOST)";
				CODE_SIGN_STYLE = Automatic;
				INFOPLIST_FILE = PokedexTests/Info.plist;
				LD_RUNPATH_SEARCH_PATHS = (
					"$(inherited)",
					"@executable_path/Frameworks",
					"@loader_path/Frameworks",
				);
				PRODUCT_BUNDLE_IDENTIFIER = VG.PokedexTests;
				PRODUCT_NAME = "$(TARGET_NAME)";
				SWIFT_VERSION = 4.0;
				TARGETED_DEVICE_FAMILY = "1,2";
				TEST_HOST = "$(BUILT_PRODUCTS_DIR)/Pokedex.app/Pokedex";
			};
			name = Release;
		};
		809BD19F214C996F00E03408 /* Debug */ = {
			isa = XCBuildConfiguration;
			buildSettings = {
				ALWAYS_EMBED_SWIFT_STANDARD_LIBRARIES = YES;
				CODE_SIGN_STYLE = Automatic;
				INFOPLIST_FILE = PokedexUITests/Info.plist;
				LD_RUNPATH_SEARCH_PATHS = (
					"$(inherited)",
					"@executable_path/Frameworks",
					"@loader_path/Frameworks",
				);
				PRODUCT_BUNDLE_IDENTIFIER = VG.PokedexUITests;
				PRODUCT_NAME = "$(TARGET_NAME)";
				SWIFT_VERSION = 4.0;
				TARGETED_DEVICE_FAMILY = "1,2";
				TEST_TARGET_NAME = Pokedex;
			};
			name = Debug;
		};
		809BD1A0214C996F00E03408 /* Release */ = {
			isa = XCBuildConfiguration;
			buildSettings = {
				ALWAYS_EMBED_SWIFT_STANDARD_LIBRARIES = YES;
				CODE_SIGN_STYLE = Automatic;
				INFOPLIST_FILE = PokedexUITests/Info.plist;
				LD_RUNPATH_SEARCH_PATHS = (
					"$(inherited)",
					"@executable_path/Frameworks",
					"@loader_path/Frameworks",
				);
				PRODUCT_BUNDLE_IDENTIFIER = VG.PokedexUITests;
				PRODUCT_NAME = "$(TARGET_NAME)";
				SWIFT_VERSION = 4.0;
				TARGETED_DEVICE_FAMILY = "1,2";
				TEST_TARGET_NAME = Pokedex;
			};
			name = Release;
		};
/* End XCBuildConfiguration section */

/* Begin XCConfigurationList section */
		809BD168214C996C00E03408 /* Build configuration list for PBXProject "Pokedex" */ = {
			isa = XCConfigurationList;
			buildConfigurations = (
				809BD196214C996F00E03408 /* Debug */,
				809BD197214C996F00E03408 /* Release */,
			);
			defaultConfigurationIsVisible = 0;
			defaultConfigurationName = Release;
		};
		809BD198214C996F00E03408 /* Build configuration list for PBXNativeTarget "Pokedex" */ = {
			isa = XCConfigurationList;
			buildConfigurations = (
				809BD199214C996F00E03408 /* Debug */,
				809BD19A214C996F00E03408 /* Release */,
			);
			defaultConfigurationIsVisible = 0;
			defaultConfigurationName = Release;
		};
		809BD19B214C996F00E03408 /* Build configuration list for PBXNativeTarget "PokedexTests" */ = {
			isa = XCConfigurationList;
			buildConfigurations = (
				809BD19C214C996F00E03408 /* Debug */,
				809BD19D214C996F00E03408 /* Release */,
			);
			defaultConfigurationIsVisible = 0;
			defaultConfigurationName = Release;
		};
		809BD19E214C996F00E03408 /* Build configuration list for PBXNativeTarget "PokedexUITests" */ = {
			isa = XCConfigurationList;
			buildConfigurations = (
				809BD19F214C996F00E03408 /* Debug */,
				809BD1A0214C996F00E03408 /* Release */,
			);
			defaultConfigurationIsVisible = 0;
			defaultConfigurationName = Release;
		};
/* End XCConfigurationList section */

/* Begin XCVersionGroup section */
		809BD177214C996C00E03408 /* Pokedex.xcdatamodeld */ = {
			isa = XCVersionGroup;
			children = (
				809BD178214C996C00E03408 /* Pokedex.xcdatamodel */,
			);
			currentVersion = 809BD178214C996C00E03408 /* Pokedex.xcdatamodel */;
			path = Pokedex.xcdatamodeld;
			sourceTree = "<group>";
			versionGroupType = wrapper.xcdatamodel;
		};
/* End XCVersionGroup section */
	};
	rootObject = 809BD165214C996C00E03408 /* Project object */;
}
